
Microsoft Visual Studio Solution File, Format Version 11.00
# Visual Studio 2010
Project("{8BC9CEB8-8B4A-11D0-8D11-00A0C91BC942}") = "c3d+singleCell", "c3d+singleCell.vcxproj", "{6C18031A-F3EB-325C-DF48-DEF915F7CB6B}"
EndProject
Global
	GlobalSection(SolutionConfigurationPlatforms) = preSolution
		Debug|Win32 = Debug|Win32
		Release|Win32 = Release|Win32
	EndGlobalSection
	GlobalSection(ProjectConfigurationPlatforms) = postSolution
		{6C18031A-F3EB-325C-DF48-DEF915F7CB6B}.Debug|Win32.ActiveCfg = Debug|Win32
		{6C18031A-F3EB-325C-DF48-DEF915F7CB6B}.Debug|Win32.Build.0 = Debug|Win32
		{6C18031A-F3EB-325C-DF48-DEF915F7CB6B}.Release|Win32.ActiveCfg = Release|Win32
		{6C18031A-F3EB-325C-DF48-DEF915F7CB6B}.Release|Win32.Build.0 = Release|Win32
	EndGlobalSection
	GlobalSection(SolutionProperties) = preSolution
		HideSolutionNode = FALSE
	EndGlobalSection
EndGlobal
