
Microsoft Visual Studio Solution File, Format Version 11.00
# Visual Studio 2010
Project("{8BC9CEB8-8B4A-11D0-8D11-00A0C91BC942}") = "c3dEngine", "c3dEngine\c3dEngine.vcxproj", "{1A962368-46AE-4A85-A20A-B290E063073D}"
EndProject
Global
	GlobalSection(SolutionConfigurationPlatforms) = preSolution
		Debug|Win32 = Debug|Win32
		Release|Win32 = Release|Win32
	EndGlobalSection
	GlobalSection(ProjectConfigurationPlatforms) = postSolution
		{1A962368-46AE-4A85-A20A-B290E063073D}.Debug|Win32.ActiveCfg = Debug|Win32
		{1A962368-46AE-4A85-A20A-B290E063073D}.Debug|Win32.Build.0 = Debug|Win32
		{1A962368-46AE-4A85-A20A-B290E063073D}.Release|Win32.ActiveCfg = Release|Win32
		{1A962368-46AE-4A85-A20A-B290E063073D}.Release|Win32.Build.0 = Release|Win32
	EndGlobalSection
	GlobalSection(SolutionProperties) = preSolution
		HideSolutionNode = FALSE
	EndGlobalSection
EndGlobal
