// !$*UTF8*$!
{
	archiveVersion = 1;
	classes = {
	};
	objectVersion = 46;
	objects = {

/* Begin PBXBuildFile section */
		181FD39618C2147100F2C204 /* CoreAudio.framework in Frameworks */ = {isa = PBXBuildFile; fileRef = 181FD39518C2147100F2C204 /* CoreAudio.framework */; };
		181FD39818C2147A00F2C204 /* AVFoundation.framework in Frameworks */ = {isa = PBXBuildFile; fileRef = 181FD39718C2147A00F2C204 /* AVFoundation.framework */; };
		1870661616C4662A00CDA573 /* OpenAL.framework in Frameworks */ = {isa = PBXBuildFile; fileRef = 1870661516C4662A00CDA573 /* OpenAL.framework */; };
		1870661816C466F100CDA573 /* AudioToolbox.framework in Frameworks */ = {isa = PBXBuildFile; fileRef = 1870661716C466F100CDA573 /* AudioToolbox.framework */; };
		35DF6441138C40D500FF9459 /* UIKit.framework in Frameworks */ = {isa = PBXBuildFile; fileRef = 35DF6440138C40D500FF9459 /* UIKit.framework */; };
		35DF6443138C40D500FF9459 /* Foundation.framework in Frameworks */ = {isa = PBXBuildFile; fileRef = 35DF6442138C40D500FF9459 /* Foundation.framework */; };
		35DF6445138C40D500FF9459 /* CoreGraphics.framework in Frameworks */ = {isa = PBXBuildFile; fileRef = 35DF6444138C40D500FF9459 /* CoreGraphics.framework */; };
		35DF645E138C427700FF9459 /* QuartzCore.framework in Frameworks */ = {isa = PBXBuildFile; fileRef = 35DF645D138C427700FF9459 /* QuartzCore.framework */; };
		35DF6460138C427E00FF9459 /* OpenGLES.framework in Frameworks */ = {isa = PBXBuildFile; fileRef = 35DF645F138C427E00FF9459 /* OpenGLES.framework */; };
		57C77AD418E45302009820B6 /* c3d-Info.plist in Resources */ = {isa = PBXBuildFile; fileRef = 57C77ACA18E45302009820B6 /* c3d-Info.plist */; };
		57C77AD518E45302009820B6 /* InfoPlist.strings in Resources */ = {isa = PBXBuildFile; fileRef = 57C77ACC18E45302009820B6 /* InfoPlist.strings */; };
		57C77AD618E45302009820B6 /* MainWindow.xib in Resources */ = {isa = PBXBuildFile; fileRef = 57C77ACE18E45302009820B6 /* MainWindow.xib */; };
		57C77AD718E45302009820B6 /* MainWindow-iPad.xib in Resources */ = {isa = PBXBuildFile; fileRef = 57C77AD118E45302009820B6 /* MainWindow-iPad.xib */; };
		57C77AD818E45302009820B6 /* main.m in Sources */ = {isa = PBXBuildFile; fileRef = 57C77AD318E45302009820B6 /* main.m */; };
		57C77AE418E4531E009820B6 /* box.cpp in Sources */ = {isa = PBXBuildFile; fileRef = 57C77ADA18E4531E009820B6 /* box.cpp */; };
		57C77AE518E4531E009820B6 /* globalVars.cpp in Sources */ = {isa = PBXBuildFile; fileRef = 57C77ADC18E4531E009820B6 /* globalVars.cpp */; };
		57C77AE618E4531E009820B6 /* initGame.cpp in Sources */ = {isa = PBXBuildFile; fileRef = 57C77ADE18E4531E009820B6 /* initGame.cpp */; };
		57C77AE718E4531E009820B6 /* passUnifoCallBack.cpp in Sources */ = {isa = PBXBuildFile; fileRef = 57C77AE018E4531E009820B6 /* passUnifoCallBack.cpp */; };
		57C77AE818E4531E009820B6 /* programSetUp.cpp in Sources */ = {isa = PBXBuildFile; fileRef = 57C77AE218E4531E009820B6 /* programSetUp.cpp */; };
		57C77BAF18E45334009820B6 /* c3dCommonFunc.cpp in Sources */ = {isa = PBXBuildFile; fileRef = 57C77AEC18E45333009820B6 /* c3dCommonFunc.cpp */; };
		57C77BB018E45334009820B6 /* c3dPathFunc.cpp in Sources */ = {isa = PBXBuildFile; fileRef = 57C77AEF18E45333009820B6 /* c3dPathFunc.cpp */; };
		57C77BB118E45334009820B6 /* c3dActor.cpp in Sources */ = {isa = PBXBuildFile; fileRef = 57C77AF218E45333009820B6 /* c3dActor.cpp */; };
		57C77BB318E45334009820B6 /* c3dALBuffer.cpp in Sources */ = {isa = PBXBuildFile; fileRef = 57C77AF618E45333009820B6 /* c3dALBuffer.cpp */; };
		57C77BB418E45334009820B6 /* c3dALdebug.cpp in Sources */ = {isa = PBXBuildFile; fileRef = 57C77AF818E45333009820B6 /* c3dALdebug.cpp */; };
		57C77BB518E45334009820B6 /* c3dALSource.cpp in Sources */ = {isa = PBXBuildFile; fileRef = 57C77AFA18E45333009820B6 /* c3dALSource.cpp */; };
		57C77BB618E45334009820B6 /* c3dAppState.cpp in Sources */ = {isa = PBXBuildFile; fileRef = 57C77AFC18E45333009820B6 /* c3dAppState.cpp */; };
		57C77BB718E45334009820B6 /* c3dAssert.cpp in Sources */ = {isa = PBXBuildFile; fileRef = 57C77AFE18E45333009820B6 /* c3dAssert.cpp */; };
		57C77BB818E45334009820B6 /* c3dAudioCache.cpp in Sources */ = {isa = PBXBuildFile; fileRef = 57C77B0018E45333009820B6 /* c3dAudioCache.cpp */; };
		57C77BB918E45334009820B6 /* c3dAutoreleasePool.cpp in Sources */ = {isa = PBXBuildFile; fileRef = 57C77B0218E45333009820B6 /* c3dAutoreleasePool.cpp */; };
		57C77BBA18E45334009820B6 /* c3dCamera.cpp in Sources */ = {isa = PBXBuildFile; fileRef = 57C77B0418E45333009820B6 /* c3dCamera.cpp */; };
		57C77BBB18E45334009820B6 /* c3dDefine.cpp in Sources */ = {isa = PBXBuildFile; fileRef = 57C77B0618E45333009820B6 /* c3dDefine.cpp */; };
		57C77BBC18E45334009820B6 /* c3dDeviceAndOSInfo.cpp in Sources */ = {isa = PBXBuildFile; fileRef = 57C77B0818E45333009820B6 /* c3dDeviceAndOSInfo.cpp */; };
		57C77BBD18E45334009820B6 /* c3dDocuments.cpp in Sources */ = {isa = PBXBuildFile; fileRef = 57C77B0A18E45333009820B6 /* c3dDocuments.cpp */; };
		57C77BBE18E45334009820B6 /* c3dFbo.cpp in Sources */ = {isa = PBXBuildFile; fileRef = 57C77B0C18E45333009820B6 /* c3dFbo.cpp */; };
		57C77BBF18E45334009820B6 /* c3dFileUtils.cpp in Sources */ = {isa = PBXBuildFile; fileRef = 57C77B0E18E45333009820B6 /* c3dFileUtils.cpp */; };
		57C77BC018E45334009820B6 /* c3dGeoMath.cpp in Sources */ = {isa = PBXBuildFile; fileRef = 57C77B1018E45333009820B6 /* c3dGeoMath.cpp */; };
		57C77BC118E45334009820B6 /* c3dGestureAnalyzer.cpp in Sources */ = {isa = PBXBuildFile; fileRef = 57C77B1218E45333009820B6 /* c3dGestureAnalyzer.cpp */; };
		57C77BC218E45334009820B6 /* c3dGLdebug.cpp in Sources */ = {isa = PBXBuildFile; fileRef = 57C77B1418E45333009820B6 /* c3dGLdebug.cpp */; };
		57C77BC318E45334009820B6 /* c3dGLMath.cpp in Sources */ = {isa = PBXBuildFile; fileRef = 57C77B1618E45333009820B6 /* c3dGLMath.cpp */; };
		57C77BC418E45334009820B6 /* c3dIDtriangle.cpp in Sources */ = {isa = PBXBuildFile; fileRef = 57C77B1818E45333009820B6 /* c3dIDtriangle.cpp */; };
		57C77BC518E45334009820B6 /* c3dIndexVBO.cpp in Sources */ = {isa = PBXBuildFile; fileRef = 57C77B1A18E45333009820B6 /* c3dIndexVBO.cpp */; };
		57C77BC618E45334009820B6 /* c3dLight.cpp in Sources */ = {isa = PBXBuildFile; fileRef = 57C77B1C18E45333009820B6 /* c3dLight.cpp */; };
		57C77BC718E45334009820B6 /* c3dLog.cpp in Sources */ = {isa = PBXBuildFile; fileRef = 57C77B1E18E45333009820B6 /* c3dLog.cpp */; };
		57C77BC818E45334009820B6 /* c3dMaterial.cpp in Sources */ = {isa = PBXBuildFile; fileRef = 57C77B2018E45333009820B6 /* c3dMaterial.cpp */; };
		57C77BC918E45334009820B6 /* c3dMath.cpp in Sources */ = {isa = PBXBuildFile; fileRef = 57C77B2218E45333009820B6 /* c3dMath.cpp */; };
		57C77BCA18E45334009820B6 /* c3dMatrix.cpp in Sources */ = {isa = PBXBuildFile; fileRef = 57C77B2418E45333009820B6 /* c3dMatrix.cpp */; };
		57C77BCB18E45334009820B6 /* c3dMesh.cpp in Sources */ = {isa = PBXBuildFile; fileRef = 57C77B2618E45333009820B6 /* c3dMesh.cpp */; };
		57C77BCC18E45334009820B6 /* c3dMeshData.cpp in Sources */ = {isa = PBXBuildFile; fileRef = 57C77B2818E45333009820B6 /* c3dMeshData.cpp */; };
		57C77BCD18E45334009820B6 /* c3dModel.cpp in Sources */ = {isa = PBXBuildFile; fileRef = 57C77B2A18E45333009820B6 /* c3dModel.cpp */; };
		57C77BCE18E45334009820B6 /* c3dModelMatStack.cpp in Sources */ = {isa = PBXBuildFile; fileRef = 57C77B2C18E45333009820B6 /* c3dModelMatStack.cpp */; };
		57C77BCF18E45334009820B6 /* c3dNode.cpp in Sources */ = {isa = PBXBuildFile; fileRef = 57C77B2E18E45333009820B6 /* c3dNode.cpp */; };
		57C77BD018E45334009820B6 /* c3dObject.cpp in Sources */ = {isa = PBXBuildFile; fileRef = 57C77B3018E45333009820B6 /* c3dObject.cpp */; };
		57C77BD118E45334009820B6 /* c3dPlane.cpp in Sources */ = {isa = PBXBuildFile; fileRef = 57C77B3218E45333009820B6 /* c3dPlane.cpp */; };
		57C77BD218E45334009820B6 /* c3dProgram.cpp in Sources */ = {isa = PBXBuildFile; fileRef = 57C77B3418E45333009820B6 /* c3dProgram.cpp */; };
		57C77BD318E45334009820B6 /* c3dProgramCache.cpp in Sources */ = {isa = PBXBuildFile; fileRef = 57C77B3618E45333009820B6 /* c3dProgramCache.cpp */; };
		57C77BD418E45334009820B6 /* c3dRange.cpp in Sources */ = {isa = PBXBuildFile; fileRef = 57C77B3818E45333009820B6 /* c3dRange.cpp */; };
		57C77BD518E45334009820B6 /* c3dRect.cpp in Sources */ = {isa = PBXBuildFile; fileRef = 57C77B3A18E45333009820B6 /* c3dRect.cpp */; };
		57C77BD618E45334009820B6 /* c3dSceneManger.cpp in Sources */ = {isa = PBXBuildFile; fileRef = 57C77B3C18E45333009820B6 /* c3dSceneManger.cpp */; };
		57C77BD718E45334009820B6 /* c3dSpan.cpp in Sources */ = {isa = PBXBuildFile; fileRef = 57C77B3E18E45333009820B6 /* c3dSpan.cpp */; };
		57C77BD818E45334009820B6 /* c3dSubMesh.cpp in Sources */ = {isa = PBXBuildFile; fileRef = 57C77B4018E45333009820B6 /* c3dSubMesh.cpp */; };
		57C77BD918E45334009820B6 /* c3dTexture.cpp in Sources */ = {isa = PBXBuildFile; fileRef = 57C77B4218E45333009820B6 /* c3dTexture.cpp */; };
		57C77BDA18E45334009820B6 /* c3dTextureCache.cpp in Sources */ = {isa = PBXBuildFile; fileRef = 57C77B4418E45333009820B6 /* c3dTextureCache.cpp */; };
		57C77BDB18E45334009820B6 /* c3dTimeCounter.cpp in Sources */ = {isa = PBXBuildFile; fileRef = 57C77B4618E45333009820B6 /* c3dTimeCounter.cpp */; };
		57C77BDC18E45334009820B6 /* c3dTouchSequence.cpp in Sources */ = {isa = PBXBuildFile; fileRef = 57C77B4818E45333009820B6 /* c3dTouchSequence.cpp */; };
		57C77BDD18E45334009820B6 /* c3dTransform.cpp in Sources */ = {isa = PBXBuildFile; fileRef = 57C77B4A18E45333009820B6 /* c3dTransform.cpp */; };
		57C77BDE18E45334009820B6 /* c3dVector.cpp in Sources */ = {isa = PBXBuildFile; fileRef = 57C77B4C18E45333009820B6 /* c3dVector.cpp */; };
		57C77BDF18E45334009820B6 /* c3dVertex.cpp in Sources */ = {isa = PBXBuildFile; fileRef = 57C77B4E18E45333009820B6 /* c3dVertex.cpp */; };
		57C77BE018E45334009820B6 /* c3dAppDelegate.mm in Sources */ = {isa = PBXBuildFile; fileRef = 57C77B5418E45333009820B6 /* c3dAppDelegate.mm */; };
		57C77BE118E45334009820B6 /* c3dView.mm in Sources */ = {isa = PBXBuildFile; fileRef = 57C77B5618E45333009820B6 /* c3dView.mm */; };
		57C77BE218E45334009820B6 /* c3dViewController.mm in Sources */ = {isa = PBXBuildFile; fileRef = 57C77B5818E45333009820B6 /* c3dViewController.mm */; };
		57C77BE318E45334009820B6 /* c3dALPlatformDepend.mm in Sources */ = {isa = PBXBuildFile; fileRef = 57C77B5A18E45333009820B6 /* c3dALPlatformDepend.mm */; };
		57C77BE418E45334009820B6 /* c3dDeviceAndOSInfoPlatformDepend.mm in Sources */ = {isa = PBXBuildFile; fileRef = 57C77B5C18E45333009820B6 /* c3dDeviceAndOSInfoPlatformDepend.mm */; };
		57C77BE518E45334009820B6 /* c3dDocumentsPlatformDepend.mm in Sources */ = {isa = PBXBuildFile; fileRef = 57C77B5E18E45333009820B6 /* c3dDocumentsPlatformDepend.mm */; };
		57C77BE618E45334009820B6 /* c3dPathPlatformDepend.mm in Sources */ = {isa = PBXBuildFile; fileRef = 57C77B6018E45333009820B6 /* c3dPathPlatformDepend.mm */; };
		57C77BE718E45334009820B6 /* c3dProgramPlatformDepend.mm in Sources */ = {isa = PBXBuildFile; fileRef = 57C77B6218E45333009820B6 /* c3dProgramPlatformDepend.mm */; };
		57C77BE818E45334009820B6 /* c3dTexturePlatformDepend.mm in Sources */ = {isa = PBXBuildFile; fileRef = 57C77B6418E45333009820B6 /* c3dTexturePlatformDepend.mm */; };
		57C77BE918E45334009820B6 /* MyOpenALSupport.c in Sources */ = {isa = PBXBuildFile; fileRef = 57C77B6618E45333009820B6 /* MyOpenALSupport.c */; };
		57C77C1A18E45348009820B6 /* geoMath.cpp in Sources */ = {isa = PBXBuildFile; fileRef = 57C77C1018E45348009820B6 /* geoMath.cpp */; };
		57C77C1B18E45348009820B6 /* octree.cpp in Sources */ = {isa = PBXBuildFile; fileRef = 57C77C1318E45348009820B6 /* octree.cpp */; };
		57C77C1C18E45348009820B6 /* triangleWithNorm.cpp in Sources */ = {isa = PBXBuildFile; fileRef = 57C77C1518E45348009820B6 /* triangleWithNorm.cpp */; };
		57C77C1D18E45348009820B6 /* terrain.cpp in Sources */ = {isa = PBXBuildFile; fileRef = 57C77C1818E45348009820B6 /* terrain.cpp */; };
		57C77C3718E45362009820B6 /* Default-568h@2x.png in Resources */ = {isa = PBXBuildFile; fileRef = 57C77C2C18E45362009820B6 /* Default-568h@2x.png */; };
		57C77C3818E45362009820B6 /* Default.png in Resources */ = {isa = PBXBuildFile; fileRef = 57C77C2D18E45362009820B6 /* Default.png */; };
		57C77C3918E45362009820B6 /* Default@2x.png in Resources */ = {isa = PBXBuildFile; fileRef = 57C77C2E18E45362009820B6 /* Default@2x.png */; };
		57C77C3D18E4538F009820B6 /* box_resource in Resources */ = {isa = PBXBuildFile; fileRef = 57C77C3B18E4538F009820B6 /* box_resource */; };
		57C77C3E18E4538F009820B6 /* c3dEngineResource in Resources */ = {isa = PBXBuildFile; fileRef = 57C77C3C18E4538F009820B6 /* c3dEngineResource */; };
/* End PBXBuildFile section */

/* Begin PBXFileReference section */
		181FD39518C2147100F2C204 /* CoreAudio.framework */ = {isa = PBXFileReference; lastKnownFileType = wrapper.framework; name = CoreAudio.framework; path = System/Library/Frameworks/CoreAudio.framework; sourceTree = SDKROOT; };
		181FD39718C2147A00F2C204 /* AVFoundation.framework */ = {isa = PBXFileReference; lastKnownFileType = wrapper.framework; name = AVFoundation.framework; path = System/Library/Frameworks/AVFoundation.framework; sourceTree = SDKROOT; };
		1870661516C4662A00CDA573 /* OpenAL.framework */ = {isa = PBXFileReference; lastKnownFileType = wrapper.framework; name = OpenAL.framework; path = System/Library/Frameworks/OpenAL.framework; sourceTree = SDKROOT; };
		1870661716C466F100CDA573 /* AudioToolbox.framework */ = {isa = PBXFileReference; lastKnownFileType = wrapper.framework; name = AudioToolbox.framework; path = System/Library/Frameworks/AudioToolbox.framework; sourceTree = SDKROOT; };
		35DF643C138C40D500FF9459 /* super single cell.app */ = {isa = PBXFileReference; explicitFileType = wrapper.application; includeInIndex = 0; path = "super single cell.app"; sourceTree = BUILT_PRODUCTS_DIR; };
		35DF6440138C40D500FF9459 /* UIKit.framework */ = {isa = PBXFileReference; lastKnownFileType = wrapper.framework; name = UIKit.framework; path = System/Library/Frameworks/UIKit.framework; sourceTree = SDKROOT; };
		35DF6442138C40D500FF9459 /* Foundation.framework */ = {isa = PBXFileReference; lastKnownFileType = wrapper.framework; name = Foundation.framework; path = System/Library/Frameworks/Foundation.framework; sourceTree = SDKROOT; };
		35DF6444138C40D500FF9459 /* CoreGraphics.framework */ = {isa = PBXFileReference; lastKnownFileType = wrapper.framework; name = CoreGraphics.framework; path = System/Library/Frameworks/CoreGraphics.framework; sourceTree = SDKROOT; };
		35DF645D138C427700FF9459 /* QuartzCore.framework */ = {isa = PBXFileReference; lastKnownFileType = wrapper.framework; name = QuartzCore.framework; path = System/Library/Frameworks/QuartzCore.framework; sourceTree = SDKROOT; };
		35DF645F138C427E00FF9459 /* OpenGLES.framework */ = {isa = PBXFileReference; lastKnownFileType = wrapper.framework; name = OpenGLES.framework; path = System/Library/Frameworks/OpenGLES.framework; sourceTree = SDKROOT; };
		576C78B018E55CE400AF83A2 /* c3d.h */ = {isa = PBXFileReference; lastKnownFileType = sourcecode.c.h; path = c3d.h; sourceTree = "<group>"; };
		57C77ACA18E45302009820B6 /* c3d-Info.plist */ = {isa = PBXFileReference; fileEncoding = 4; lastKnownFileType = text.plist.xml; path = "c3d-Info.plist"; sourceTree = "<group>"; };
		57C77ACB18E45302009820B6 /* c3d-Prefix.pch */ = {isa = PBXFileReference; fileEncoding = 4; lastKnownFileType = sourcecode.c.h; path = "c3d-Prefix.pch"; sourceTree = "<group>"; };
		57C77ACD18E45302009820B6 /* en */ = {isa = PBXFileReference; lastKnownFileType = text.plist.strings; name = en; path = en.lproj/InfoPlist.strings; sourceTree = "<group>"; };
		57C77ACF18E45302009820B6 /* en */ = {isa = PBXFileReference; lastKnownFileType = file.xib; name = en; path = en.lproj/MainWindow.xib; sourceTree = "<group>"; };
		57C77AD218E45302009820B6 /* en */ = {isa = PBXFileReference; lastKnownFileType = file.xib; name = en; path = "en.lproj/MainWindow-iPad.xib"; sourceTree = "<group>"; };
		57C77AD318E45302009820B6 /* main.m */ = {isa = PBXFileReference; fileEncoding = 4; lastKnownFileType = sourcecode.c.objc; path = main.m; sourceTree = "<group>"; };
		57C77ADA18E4531E009820B6 /* box.cpp */ = {isa = PBXFileReference; fileEncoding = 4; lastKnownFileType = sourcecode.cpp.cpp; path = box.cpp; sourceTree = "<group>"; };
		57C77ADB18E4531E009820B6 /* box.h */ = {isa = PBXFileReference; fileEncoding = 4; lastKnownFileType = sourcecode.c.h; path = box.h; sourceTree = "<group>"; };
		57C77ADC18E4531E009820B6 /* globalVars.cpp */ = {isa = PBXFileReference; fileEncoding = 4; lastKnownFileType = sourcecode.cpp.cpp; path = globalVars.cpp; sourceTree = "<group>"; };
		57C77ADD18E4531E009820B6 /* globalVars.h */ = {isa = PBXFileReference; fileEncoding = 4; lastKnownFileType = sourcecode.c.h; path = globalVars.h; sourceTree = "<group>"; };
		57C77ADE18E4531E009820B6 /* initGame.cpp */ = {isa = PBXFileReference; fileEncoding = 4; lastKnownFileType = sourcecode.cpp.cpp; path = initGame.cpp; sourceTree = "<group>"; };
		57C77ADF18E4531E009820B6 /* initGame.h */ = {isa = PBXFileReference; fileEncoding = 4; lastKnownFileType = sourcecode.c.h; path = initGame.h; sourceTree = "<group>"; };
		57C77AE018E4531E009820B6 /* passUnifoCallBack.cpp */ = {isa = PBXFileReference; fileEncoding = 4; lastKnownFileType = sourcecode.cpp.cpp; path = passUnifoCallBack.cpp; sourceTree = "<group>"; };
		57C77AE118E4531E009820B6 /* passUnifoCallBack.h */ = {isa = PBXFileReference; fileEncoding = 4; lastKnownFileType = sourcecode.c.h; path = passUnifoCallBack.h; sourceTree = "<group>"; };
		57C77AE218E4531E009820B6 /* programSetUp.cpp */ = {isa = PBXFileReference; fileEncoding = 4; lastKnownFileType = sourcecode.cpp.cpp; path = programSetUp.cpp; sourceTree = "<group>"; };
		57C77AE318E4531E009820B6 /* programSetUp.h */ = {isa = PBXFileReference; fileEncoding = 4; lastKnownFileType = sourcecode.c.h; path = programSetUp.h; sourceTree = "<group>"; };
		57C77AEB18E45333009820B6 /* c3dAL.h */ = {isa = PBXFileReference; fileEncoding = 4; lastKnownFileType = sourcecode.c.h; path = c3dAL.h; sourceTree = "<group>"; };
		57C77AEC18E45333009820B6 /* c3dCommonFunc.cpp */ = {isa = PBXFileReference; fileEncoding = 4; lastKnownFileType = sourcecode.cpp.cpp; path = c3dCommonFunc.cpp; sourceTree = "<group>"; };
		57C77AED18E45333009820B6 /* c3dCommonFunc.h */ = {isa = PBXFileReference; fileEncoding = 4; lastKnownFileType = sourcecode.c.h; path = c3dCommonFunc.h; sourceTree = "<group>"; };
		57C77AEE18E45333009820B6 /* c3dGL.h */ = {isa = PBXFileReference; fileEncoding = 4; lastKnownFileType = sourcecode.c.h; path = c3dGL.h; sourceTree = "<group>"; };
		57C77AEF18E45333009820B6 /* c3dPathFunc.cpp */ = {isa = PBXFileReference; fileEncoding = 4; lastKnownFileType = sourcecode.cpp.cpp; path = c3dPathFunc.cpp; sourceTree = "<group>"; };
		57C77AF018E45333009820B6 /* c3dPathFunc.h */ = {isa = PBXFileReference; fileEncoding = 4; lastKnownFileType = sourcecode.c.h; path = c3dPathFunc.h; sourceTree = "<group>"; };
		57C77AF218E45333009820B6 /* c3dActor.cpp */ = {isa = PBXFileReference; fileEncoding = 4; lastKnownFileType = sourcecode.cpp.cpp; path = c3dActor.cpp; sourceTree = "<group>"; };
		57C77AF318E45333009820B6 /* c3dActor.h */ = {isa = PBXFileReference; fileEncoding = 4; lastKnownFileType = sourcecode.c.h; path = c3dActor.h; sourceTree = "<group>"; };
		57C77AF618E45333009820B6 /* c3dALBuffer.cpp */ = {isa = PBXFileReference; fileEncoding = 4; lastKnownFileType = sourcecode.cpp.cpp; path = c3dALBuffer.cpp; sourceTree = "<group>"; };
		57C77AF718E45333009820B6 /* c3dALBuffer.h */ = {isa = PBXFileReference; fileEncoding = 4; lastKnownFileType = sourcecode.c.h; path = c3dALBuffer.h; sourceTree = "<group>"; };
		57C77AF818E45333009820B6 /* c3dALdebug.cpp */ = {isa = PBXFileReference; fileEncoding = 4; lastKnownFileType = sourcecode.cpp.cpp; path = c3dALdebug.cpp; sourceTree = "<group>"; };
		57C77AF918E45333009820B6 /* c3dALdebug.h */ = {isa = PBXFileReference; fileEncoding = 4; lastKnownFileType = sourcecode.c.h; path = c3dALdebug.h; sourceTree = "<group>"; };
		57C77AFA18E45333009820B6 /* c3dALSource.cpp */ = {isa = PBXFileReference; fileEncoding = 4; lastKnownFileType = sourcecode.cpp.cpp; path = c3dALSource.cpp; sourceTree = "<group>"; };
		57C77AFB18E45333009820B6 /* c3dALSource.h */ = {isa = PBXFileReference; fileEncoding = 4; lastKnownFileType = sourcecode.c.h; path = c3dALSource.h; sourceTree = "<group>"; };
		57C77AFC18E45333009820B6 /* c3dAppState.cpp */ = {isa = PBXFileReference; fileEncoding = 4; lastKnownFileType = sourcecode.cpp.cpp; path = c3dAppState.cpp; sourceTree = "<group>"; };
		57C77AFD18E45333009820B6 /* c3dAppState.h */ = {isa = PBXFileReference; fileEncoding = 4; lastKnownFileType = sourcecode.c.h; path = c3dAppState.h; sourceTree = "<group>"; };
		57C77AFE18E45333009820B6 /* c3dAssert.cpp */ = {isa = PBXFileReference; fileEncoding = 4; lastKnownFileType = sourcecode.cpp.cpp; path = c3dAssert.cpp; sourceTree = "<group>"; };
		57C77AFF18E45333009820B6 /* c3dAssert.h */ = {isa = PBXFileReference; fileEncoding = 4; lastKnownFileType = sourcecode.c.h; path = c3dAssert.h; sourceTree = "<group>"; };
		57C77B0018E45333009820B6 /* c3dAudioCache.cpp */ = {isa = PBXFileReference; fileEncoding = 4; lastKnownFileType = sourcecode.cpp.cpp; path = c3dAudioCache.cpp; sourceTree = "<group>"; };
		57C77B0118E45333009820B6 /* c3dAudioCache.h */ = {isa = PBXFileReference; fileEncoding = 4; lastKnownFileType = sourcecode.c.h; path = c3dAudioCache.h; sourceTree = "<group>"; };
		57C77B0218E45333009820B6 /* c3dAutoreleasePool.cpp */ = {isa = PBXFileReference; fileEncoding = 4; lastKnownFileType = sourcecode.cpp.cpp; path = c3dAutoreleasePool.cpp; sourceTree = "<group>"; };
		57C77B0318E45333009820B6 /* c3dAutoreleasePool.h */ = {isa = PBXFileReference; fileEncoding = 4; lastKnownFileType = sourcecode.c.h; path = c3dAutoreleasePool.h; sourceTree = "<group>"; };
		57C77B0418E45333009820B6 /* c3dCamera.cpp */ = {isa = PBXFileReference; fileEncoding = 4; lastKnownFileType = sourcecode.cpp.cpp; path = c3dCamera.cpp; sourceTree = "<group>"; };
		57C77B0518E45333009820B6 /* c3dCamera.h */ = {isa = PBXFileReference; fileEncoding = 4; lastKnownFileType = sourcecode.c.h; path = c3dCamera.h; sourceTree = "<group>"; };
		57C77B0618E45333009820B6 /* c3dDefine.cpp */ = {isa = PBXFileReference; fileEncoding = 4; lastKnownFileType = sourcecode.cpp.cpp; path = c3dDefine.cpp; sourceTree = "<group>"; };
		57C77B0718E45333009820B6 /* c3dDefine.h */ = {isa = PBXFileReference; fileEncoding = 4; lastKnownFileType = sourcecode.c.h; path = c3dDefine.h; sourceTree = "<group>"; };
		57C77B0818E45333009820B6 /* c3dDeviceAndOSInfo.cpp */ = {isa = PBXFileReference; fileEncoding = 4; lastKnownFileType = sourcecode.cpp.cpp; path = c3dDeviceAndOSInfo.cpp; sourceTree = "<group>"; };
		57C77B0918E45333009820B6 /* c3dDeviceAndOSInfo.h */ = {isa = PBXFileReference; fileEncoding = 4; lastKnownFileType = sourcecode.c.h; path = c3dDeviceAndOSInfo.h; sourceTree = "<group>"; };
		57C77B0A18E45333009820B6 /* c3dDocuments.cpp */ = {isa = PBXFileReference; fileEncoding = 4; lastKnownFileType = sourcecode.cpp.cpp; path = c3dDocuments.cpp; sourceTree = "<group>"; };
		57C77B0B18E45333009820B6 /* c3dDocuments.h */ = {isa = PBXFileReference; fileEncoding = 4; lastKnownFileType = sourcecode.c.h; path = c3dDocuments.h; sourceTree = "<group>"; };
		57C77B0C18E45333009820B6 /* c3dFbo.cpp */ = {isa = PBXFileReference; fileEncoding = 4; lastKnownFileType = sourcecode.cpp.cpp; path = c3dFbo.cpp; sourceTree = "<group>"; };
		57C77B0D18E45333009820B6 /* c3dFbo.h */ = {isa = PBXFileReference; fileEncoding = 4; lastKnownFileType = sourcecode.c.h; path = c3dFbo.h; sourceTree = "<group>"; };
		57C77B0E18E45333009820B6 /* c3dFileUtils.cpp */ = {isa = PBXFileReference; fileEncoding = 4; lastKnownFileType = sourcecode.cpp.cpp; path = c3dFileUtils.cpp; sourceTree = "<group>"; };
		57C77B0F18E45333009820B6 /* c3dFileUtils.h */ = {isa = PBXFileReference; fileEncoding = 4; lastKnownFileType = sourcecode.c.h; path = c3dFileUtils.h; sourceTree = "<group>"; };
		57C77B1018E45333009820B6 /* c3dGeoMath.cpp */ = {isa = PBXFileReference; fileEncoding = 4; lastKnownFileType = sourcecode.cpp.cpp; path = c3dGeoMath.cpp; sourceTree = "<group>"; };
		57C77B1118E45333009820B6 /* c3dGeoMath.h */ = {isa = PBXFileReference; fileEncoding = 4; lastKnownFileType = sourcecode.c.h; path = c3dGeoMath.h; sourceTree = "<group>"; };
		57C77B1218E45333009820B6 /* c3dGestureAnalyzer.cpp */ = {isa = PBXFileReference; fileEncoding = 4; lastKnownFileType = sourcecode.cpp.cpp; path = c3dGestureAnalyzer.cpp; sourceTree = "<group>"; };
		57C77B1318E45333009820B6 /* c3dGestureAnalyzer.h */ = {isa = PBXFileReference; fileEncoding = 4; lastKnownFileType = sourcecode.c.h; path = c3dGestureAnalyzer.h; sourceTree = "<group>"; };
		57C77B1418E45333009820B6 /* c3dGLdebug.cpp */ = {isa = PBXFileReference; fileEncoding = 4; lastKnownFileType = sourcecode.cpp.cpp; path = c3dGLdebug.cpp; sourceTree = "<group>"; };
		57C77B1518E45333009820B6 /* c3dGLdebug.h */ = {isa = PBXFileReference; fileEncoding = 4; lastKnownFileType = sourcecode.c.h; path = c3dGLdebug.h; sourceTree = "<group>"; };
		57C77B1618E45333009820B6 /* c3dGLMath.cpp */ = {isa = PBXFileReference; fileEncoding = 4; lastKnownFileType = sourcecode.cpp.cpp; path = c3dGLMath.cpp; sourceTree = "<group>"; };
		57C77B1718E45333009820B6 /* c3dGLMath.h */ = {isa = PBXFileReference; fileEncoding = 4; lastKnownFileType = sourcecode.c.h; path = c3dGLMath.h; sourceTree = "<group>"; };
		57C77B1818E45333009820B6 /* c3dIDtriangle.cpp */ = {isa = PBXFileReference; fileEncoding = 4; lastKnownFileType = sourcecode.cpp.cpp; path = c3dIDtriangle.cpp; sourceTree = "<group>"; };
		57C77B1918E45333009820B6 /* c3dIDtriangle.h */ = {isa = PBXFileReference; fileEncoding = 4; lastKnownFileType = sourcecode.c.h; path = c3dIDtriangle.h; sourceTree = "<group>"; };
		57C77B1A18E45333009820B6 /* c3dIndexVBO.cpp */ = {isa = PBXFileReference; fileEncoding = 4; lastKnownFileType = sourcecode.cpp.cpp; path = c3dIndexVBO.cpp; sourceTree = "<group>"; };
		57C77B1B18E45333009820B6 /* c3dIndexVBO.h */ = {isa = PBXFileReference; fileEncoding = 4; lastKnownFileType = sourcecode.c.h; path = c3dIndexVBO.h; sourceTree = "<group>"; };
		57C77B1C18E45333009820B6 /* c3dLight.cpp */ = {isa = PBXFileReference; fileEncoding = 4; lastKnownFileType = sourcecode.cpp.cpp; path = c3dLight.cpp; sourceTree = "<group>"; };
		57C77B1D18E45333009820B6 /* c3dLight.h */ = {isa = PBXFileReference; fileEncoding = 4; lastKnownFileType = sourcecode.c.h; path = c3dLight.h; sourceTree = "<group>"; };
		57C77B1E18E45333009820B6 /* c3dLog.cpp */ = {isa = PBXFileReference; fileEncoding = 4; lastKnownFileType = sourcecode.cpp.cpp; path = c3dLog.cpp; sourceTree = "<group>"; };
		57C77B1F18E45333009820B6 /* c3dLog.h */ = {isa = PBXFileReference; fileEncoding = 4; lastKnownFileType = sourcecode.c.h; path = c3dLog.h; sourceTree = "<group>"; };
		57C77B2018E45333009820B6 /* c3dMaterial.cpp */ = {isa = PBXFileReference; fileEncoding = 4; lastKnownFileType = sourcecode.cpp.cpp; path = c3dMaterial.cpp; sourceTree = "<group>"; };
		57C77B2118E45333009820B6 /* c3dMaterial.h */ = {isa = PBXFileReference; fileEncoding = 4; lastKnownFileType = sourcecode.c.h; path = c3dMaterial.h; sourceTree = "<group>"; };
		57C77B2218E45333009820B6 /* c3dMath.cpp */ = {isa = PBXFileReference; fileEncoding = 4; lastKnownFileType = sourcecode.cpp.cpp; path = c3dMath.cpp; sourceTree = "<group>"; };
		57C77B2318E45333009820B6 /* c3dMath.h */ = {isa = PBXFileReference; fileEncoding = 4; lastKnownFileType = sourcecode.c.h; path = c3dMath.h; sourceTree = "<group>"; };
		57C77B2418E45333009820B6 /* c3dMatrix.cpp */ = {isa = PBXFileReference; fileEncoding = 4; lastKnownFileType = sourcecode.cpp.cpp; path = c3dMatrix.cpp; sourceTree = "<group>"; };
		57C77B2518E45333009820B6 /* c3dMatrix.h */ = {isa = PBXFileReference; fileEncoding = 4; lastKnownFileType = sourcecode.c.h; path = c3dMatrix.h; sourceTree = "<group>"; };
		57C77B2618E45333009820B6 /* c3dMesh.cpp */ = {isa = PBXFileReference; fileEncoding = 4; lastKnownFileType = sourcecode.cpp.cpp; path = c3dMesh.cpp; sourceTree = "<group>"; };
		57C77B2718E45333009820B6 /* c3dMesh.h */ = {isa = PBXFileReference; fileEncoding = 4; lastKnownFileType = sourcecode.c.h; path = c3dMesh.h; sourceTree = "<group>"; };
		57C77B2818E45333009820B6 /* c3dMeshData.cpp */ = {isa = PBXFileReference; fileEncoding = 4; lastKnownFileType = sourcecode.cpp.cpp; path = c3dMeshData.cpp; sourceTree = "<group>"; };
		57C77B2918E45333009820B6 /* c3dMeshData.h */ = {isa = PBXFileReference; fileEncoding = 4; lastKnownFileType = sourcecode.c.h; path = c3dMeshData.h; sourceTree = "<group>"; };
		57C77B2A18E45333009820B6 /* c3dModel.cpp */ = {isa = PBXFileReference; fileEncoding = 4; lastKnownFileType = sourcecode.cpp.cpp; path = c3dModel.cpp; sourceTree = "<group>"; };
		57C77B2B18E45333009820B6 /* c3dModel.h */ = {isa = PBXFileReference; fileEncoding = 4; lastKnownFileType = sourcecode.c.h; path = c3dModel.h; sourceTree = "<group>"; };
		57C77B2C18E45333009820B6 /* c3dModelMatStack.cpp */ = {isa = PBXFileReference; fileEncoding = 4; lastKnownFileType = sourcecode.cpp.cpp; path = c3dModelMatStack.cpp; sourceTree = "<group>"; };
		57C77B2D18E45333009820B6 /* c3dModelMatStack.h */ = {isa = PBXFileReference; fileEncoding = 4; lastKnownFileType = sourcecode.c.h; path = c3dModelMatStack.h; sourceTree = "<group>"; };
		57C77B2E18E45333009820B6 /* c3dNode.cpp */ = {isa = PBXFileReference; fileEncoding = 4; lastKnownFileType = sourcecode.cpp.cpp; path = c3dNode.cpp; sourceTree = "<group>"; };
		57C77B2F18E45333009820B6 /* c3dNode.h */ = {isa = PBXFileReference; fileEncoding = 4; lastKnownFileType = sourcecode.c.h; path = c3dNode.h; sourceTree = "<group>"; };
		57C77B3018E45333009820B6 /* c3dObject.cpp */ = {isa = PBXFileReference; fileEncoding = 4; lastKnownFileType = sourcecode.cpp.cpp; path = c3dObject.cpp; sourceTree = "<group>"; };
		57C77B3118E45333009820B6 /* c3dObject.h */ = {isa = PBXFileReference; fileEncoding = 4; lastKnownFileType = sourcecode.c.h; path = c3dObject.h; sourceTree = "<group>"; };
		57C77B3218E45333009820B6 /* c3dPlane.cpp */ = {isa = PBXFileReference; fileEncoding = 4; lastKnownFileType = sourcecode.cpp.cpp; path = c3dPlane.cpp; sourceTree = "<group>"; };
		57C77B3318E45333009820B6 /* c3dPlane.h */ = {isa = PBXFileReference; fileEncoding = 4; lastKnownFileType = sourcecode.c.h; path = c3dPlane.h; sourceTree = "<group>"; };
		57C77B3418E45333009820B6 /* c3dProgram.cpp */ = {isa = PBXFileReference; fileEncoding = 4; lastKnownFileType = sourcecode.cpp.cpp; path = c3dProgram.cpp; sourceTree = "<group>"; };
		57C77B3518E45333009820B6 /* c3dProgram.h */ = {isa = PBXFileReference; fileEncoding = 4; lastKnownFileType = sourcecode.c.h; path = c3dProgram.h; sourceTree = "<group>"; };
		57C77B3618E45333009820B6 /* c3dProgramCache.cpp */ = {isa = PBXFileReference; fileEncoding = 4; lastKnownFileType = sourcecode.cpp.cpp; path = c3dProgramCache.cpp; sourceTree = "<group>"; };
		57C77B3718E45333009820B6 /* c3dProgramCache.h */ = {isa = PBXFileReference; fileEncoding = 4; lastKnownFileType = sourcecode.c.h; path = c3dProgramCache.h; sourceTree = "<group>"; };
		57C77B3818E45333009820B6 /* c3dRange.cpp */ = {isa = PBXFileReference; fileEncoding = 4; lastKnownFileType = sourcecode.cpp.cpp; path = c3dRange.cpp; sourceTree = "<group>"; };
		57C77B3918E45333009820B6 /* c3dRange.h */ = {isa = PBXFileReference; fileEncoding = 4; lastKnownFileType = sourcecode.c.h; path = c3dRange.h; sourceTree = "<group>"; };
		57C77B3A18E45333009820B6 /* c3dRect.cpp */ = {isa = PBXFileReference; fileEncoding = 4; lastKnownFileType = sourcecode.cpp.cpp; path = c3dRect.cpp; sourceTree = "<group>"; };
		57C77B3B18E45333009820B6 /* c3dRect.h */ = {isa = PBXFileReference; fileEncoding = 4; lastKnownFileType = sourcecode.c.h; path = c3dRect.h; sourceTree = "<group>"; };
		57C77B3C18E45333009820B6 /* c3dSceneManger.cpp */ = {isa = PBXFileReference; fileEncoding = 4; lastKnownFileType = sourcecode.cpp.cpp; path = c3dSceneManger.cpp; sourceTree = "<group>"; };
		57C77B3D18E45333009820B6 /* c3dSceneManger.h */ = {isa = PBXFileReference; fileEncoding = 4; lastKnownFileType = sourcecode.c.h; path = c3dSceneManger.h; sourceTree = "<group>"; };
		57C77B3E18E45333009820B6 /* c3dSpan.cpp */ = {isa = PBXFileReference; fileEncoding = 4; lastKnownFileType = sourcecode.cpp.cpp; path = c3dSpan.cpp; sourceTree = "<group>"; };
		57C77B3F18E45333009820B6 /* c3dSpan.h */ = {isa = PBXFileReference; fileEncoding = 4; lastKnownFileType = sourcecode.c.h; path = c3dSpan.h; sourceTree = "<group>"; };
		57C77B4018E45333009820B6 /* c3dSubMesh.cpp */ = {isa = PBXFileReference; fileEncoding = 4; lastKnownFileType = sourcecode.cpp.cpp; path = c3dSubMesh.cpp; sourceTree = "<group>"; };
		57C77B4118E45333009820B6 /* c3dSubMesh.h */ = {isa = PBXFileReference; fileEncoding = 4; lastKnownFileType = sourcecode.c.h; path = c3dSubMesh.h; sourceTree = "<group>"; };
		57C77B4218E45333009820B6 /* c3dTexture.cpp */ = {isa = PBXFileReference; fileEncoding = 4; lastKnownFileType = sourcecode.cpp.cpp; path = c3dTexture.cpp; sourceTree = "<group>"; };
		57C77B4318E45333009820B6 /* c3dTexture.h */ = {isa = PBXFileReference; fileEncoding = 4; lastKnownFileType = sourcecode.c.h; path = c3dTexture.h; sourceTree = "<group>"; };
		57C77B4418E45333009820B6 /* c3dTextureCache.cpp */ = {isa = PBXFileReference; fileEncoding = 4; lastKnownFileType = sourcecode.cpp.cpp; path = c3dTextureCache.cpp; sourceTree = "<group>"; };
		57C77B4518E45333009820B6 /* c3dTextureCache.h */ = {isa = PBXFileReference; fileEncoding = 4; lastKnownFileType = sourcecode.c.h; path = c3dTextureCache.h; sourceTree = "<group>"; };
		57C77B4618E45333009820B6 /* c3dTimeCounter.cpp */ = {isa = PBXFileReference; fileEncoding = 4; lastKnownFileType = sourcecode.cpp.cpp; path = c3dTimeCounter.cpp; sourceTree = "<group>"; };
		57C77B4718E45333009820B6 /* c3dTimeCounter.h */ = {isa = PBXFileReference; fileEncoding = 4; lastKnownFileType = sourcecode.c.h; path = c3dTimeCounter.h; sourceTree = "<group>"; };
		57C77B4818E45333009820B6 /* c3dTouchSequence.cpp */ = {isa = PBXFileReference; fileEncoding = 4; lastKnownFileType = sourcecode.cpp.cpp; path = c3dTouchSequence.cpp; sourceTree = "<group>"; };
		57C77B4918E45333009820B6 /* c3dTouchSequence.h */ = {isa = PBXFileReference; fileEncoding = 4; lastKnownFileType = sourcecode.c.h; path = c3dTouchSequence.h; sourceTree = "<group>"; };
		57C77B4A18E45333009820B6 /* c3dTransform.cpp */ = {isa = PBXFileReference; fileEncoding = 4; lastKnownFileType = sourcecode.cpp.cpp; path = c3dTransform.cpp; sourceTree = "<group>"; };
		57C77B4B18E45333009820B6 /* c3dTransform.h */ = {isa = PBXFileReference; fileEncoding = 4; lastKnownFileType = sourcecode.c.h; path = c3dTransform.h; sourceTree = "<group>"; };
		57C77B4C18E45333009820B6 /* c3dVector.cpp */ = {isa = PBXFileReference; fileEncoding = 4; lastKnownFileType = sourcecode.cpp.cpp; path = c3dVector.cpp; sourceTree = "<group>"; };
		57C77B4D18E45333009820B6 /* c3dVector.h */ = {isa = PBXFileReference; fileEncoding = 4; lastKnownFileType = sourcecode.c.h; path = c3dVector.h; sourceTree = "<group>"; };
		57C77B4E18E45333009820B6 /* c3dVertex.cpp */ = {isa = PBXFileReference; fileEncoding = 4; lastKnownFileType = sourcecode.cpp.cpp; path = c3dVertex.cpp; sourceTree = "<group>"; };
		57C77B4F18E45333009820B6 /* c3dVertex.h */ = {isa = PBXFileReference; fileEncoding = 4; lastKnownFileType = sourcecode.c.h; path = c3dVertex.h; sourceTree = "<group>"; };
		57C77B5318E45333009820B6 /* c3dAppDelegate.h */ = {isa = PBXFileReference; fileEncoding = 4; lastKnownFileType = sourcecode.c.h; path = c3dAppDelegate.h; sourceTree = "<group>"; };
		57C77B5418E45333009820B6 /* c3dAppDelegate.mm */ = {isa = PBXFileReference; fileEncoding = 4; lastKnownFileType = sourcecode.cpp.objcpp; path = c3dAppDelegate.mm; sourceTree = "<group>"; };
		57C77B5518E45333009820B6 /* c3dView.h */ = {isa = PBXFileReference; fileEncoding = 4; lastKnownFileType = sourcecode.c.h; path = c3dView.h; sourceTree = "<group>"; };
		57C77B5618E45333009820B6 /* c3dView.mm */ = {isa = PBXFileReference; fileEncoding = 4; lastKnownFileType = sourcecode.cpp.objcpp; path = c3dView.mm; sourceTree = "<group>"; };
		57C77B5718E45333009820B6 /* c3dViewController.h */ = {isa = PBXFileReference; fileEncoding = 4; lastKnownFileType = sourcecode.c.h; path = c3dViewController.h; sourceTree = "<group>"; };
		57C77B5818E45333009820B6 /* c3dViewController.mm */ = {isa = PBXFileReference; fileEncoding = 4; lastKnownFileType = sourcecode.cpp.objcpp; path = c3dViewController.mm; sourceTree = "<group>"; };
		57C77B5918E45333009820B6 /* c3dALPlatformDepend.h */ = {isa = PBXFileReference; fileEncoding = 4; lastKnownFileType = sourcecode.c.h; path = c3dALPlatformDepend.h; sourceTree = "<group>"; };
		57C77B5A18E45333009820B6 /* c3dALPlatformDepend.mm */ = {isa = PBXFileReference; fileEncoding = 4; lastKnownFileType = sourcecode.cpp.objcpp; path = c3dALPlatformDepend.mm; sourceTree = "<group>"; };
		57C77B5B18E45333009820B6 /* c3dDeviceAndOSInfoPlatformDepend.h */ = {isa = PBXFileReference; fileEncoding = 4; lastKnownFileType = sourcecode.c.h; path = c3dDeviceAndOSInfoPlatformDepend.h; sourceTree = "<group>"; };
		57C77B5C18E45333009820B6 /* c3dDeviceAndOSInfoPlatformDepend.mm */ = {isa = PBXFileReference; fileEncoding = 4; lastKnownFileType = sourcecode.cpp.objcpp; path = c3dDeviceAndOSInfoPlatformDepend.mm; sourceTree = "<group>"; };
		57C77B5D18E45333009820B6 /* c3dDocumentsPlatformDepend.h */ = {isa = PBXFileReference; fileEncoding = 4; lastKnownFileType = sourcecode.c.h; path = c3dDocumentsPlatformDepend.h; sourceTree = "<group>"; };
		57C77B5E18E45333009820B6 /* c3dDocumentsPlatformDepend.mm */ = {isa = PBXFileReference; fileEncoding = 4; lastKnownFileType = sourcecode.cpp.objcpp; path = c3dDocumentsPlatformDepend.mm; sourceTree = "<group>"; };
		57C77B5F18E45333009820B6 /* c3dPathPlatformDepend.h */ = {isa = PBXFileReference; fileEncoding = 4; lastKnownFileType = sourcecode.c.h; path = c3dPathPlatformDepend.h; sourceTree = "<group>"; };
		57C77B6018E45333009820B6 /* c3dPathPlatformDepend.mm */ = {isa = PBXFileReference; fileEncoding = 4; lastKnownFileType = sourcecode.cpp.objcpp; path = c3dPathPlatformDepend.mm; sourceTree = "<group>"; };
		57C77B6118E45333009820B6 /* c3dProgramPlatformDepend.h */ = {isa = PBXFileReference; fileEncoding = 4; lastKnownFileType = sourcecode.c.h; path = c3dProgramPlatformDepend.h; sourceTree = "<group>"; };
		57C77B6218E45333009820B6 /* c3dProgramPlatformDepend.mm */ = {isa = PBXFileReference; fileEncoding = 4; lastKnownFileType = sourcecode.cpp.objcpp; path = c3dProgramPlatformDepend.mm; sourceTree = "<group>"; };
		57C77B6318E45333009820B6 /* c3dTexturePlatformDepend.h */ = {isa = PBXFileReference; fileEncoding = 4; lastKnownFileType = sourcecode.c.h; path = c3dTexturePlatformDepend.h; sourceTree = "<group>"; };
		57C77B6418E45333009820B6 /* c3dTexturePlatformDepend.mm */ = {isa = PBXFileReference; fileEncoding = 4; lastKnownFileType = sourcecode.cpp.objcpp; path = c3dTexturePlatformDepend.mm; sourceTree = "<group>"; };
		57C77B6618E45333009820B6 /* MyOpenALSupport.c */ = {isa = PBXFileReference; fileEncoding = 4; lastKnownFileType = sourcecode.c.c; path = MyOpenALSupport.c; sourceTree = "<group>"; };
		57C77B6718E45333009820B6 /* MyOpenALSupport.h */ = {isa = PBXFileReference; fileEncoding = 4; lastKnownFileType = sourcecode.c.h; path = MyOpenALSupport.h; sourceTree = "<group>"; };
		57C77B6818E45333009820B6 /* openALSupport_readme.h */ = {isa = PBXFileReference; fileEncoding = 4; lastKnownFileType = sourcecode.c.h; path = openALSupport_readme.h; sourceTree = "<group>"; };
		57C77C1018E45348009820B6 /* geoMath.cpp */ = {isa = PBXFileReference; fileEncoding = 4; lastKnownFileType = sourcecode.cpp.cpp; path = geoMath.cpp; sourceTree = "<group>"; };
		57C77C1118E45348009820B6 /* geoMath.h */ = {isa = PBXFileReference; fileEncoding = 4; lastKnownFileType = sourcecode.c.h; path = geoMath.h; sourceTree = "<group>"; };
		57C77C1318E45348009820B6 /* octree.cpp */ = {isa = PBXFileReference; fileEncoding = 4; lastKnownFileType = sourcecode.cpp.cpp; path = octree.cpp; sourceTree = "<group>"; };
		57C77C1418E45348009820B6 /* octree.h */ = {isa = PBXFileReference; fileEncoding = 4; lastKnownFileType = sourcecode.c.h; path = octree.h; sourceTree = "<group>"; };
		57C77C1518E45348009820B6 /* triangleWithNorm.cpp */ = {isa = PBXFileReference; fileEncoding = 4; lastKnownFileType = sourcecode.cpp.cpp; path = triangleWithNorm.cpp; sourceTree = "<group>"; };
		57C77C1618E45348009820B6 /* triangleWithNorm.h */ = {isa = PBXFileReference; fileEncoding = 4; lastKnownFileType = sourcecode.c.h; path = triangleWithNorm.h; sourceTree = "<group>"; };
		57C77C1818E45348009820B6 /* terrain.cpp */ = {isa = PBXFileReference; fileEncoding = 4; lastKnownFileType = sourcecode.cpp.cpp; path = terrain.cpp; sourceTree = "<group>"; };
		57C77C1918E45348009820B6 /* terrain.h */ = {isa = PBXFileReference; fileEncoding = 4; lastKnownFileType = sourcecode.c.h; path = terrain.h; sourceTree = "<group>"; };
		57C77C2C18E45362009820B6 /* Default-568h@2x.png */ = {isa = PBXFileReference; lastKnownFileType = image.png; path = "Default-568h@2x.png"; sourceTree = "<group>"; };
		57C77C2D18E45362009820B6 /* Default.png */ = {isa = PBXFileReference; lastKnownFileType = image.png; path = Default.png; sourceTree = "<group>"; };
		57C77C2E18E45362009820B6 /* Default@2x.png */ = {isa = PBXFileReference; lastKnownFileType = image.png; path = "Default@2x.png"; sourceTree = "<group>"; };
		57C77C3B18E4538F009820B6 /* box_resource */ = {isa = PBXFileReference; lastKnownFileType = folder; name = box_resource; path = ../../../resource/box_resource; sourceTree = "<group>"; };
		57C77C3C18E4538F009820B6 /* c3dEngineResource */ = {isa = PBXFileReference; lastKnownFileType = folder; name = c3dEngineResource; path = ../../../resource/c3dEngineResource; sourceTree = "<group>"; };
/* End PBXFileReference section */

/* Begin PBXFrameworksBuildPhase section */
		35DF6439138C40D500FF9459 /* Frameworks */ = {
			isa = PBXFrameworksBuildPhase;
			buildActionMask = 2147483647;
			files = (
				181FD39818C2147A00F2C204 /* AVFoundation.framework in Frameworks */,
				181FD39618C2147100F2C204 /* CoreAudio.framework in Frameworks */,
				1870661816C466F100CDA573 /* AudioToolbox.framework in Frameworks */,
				1870661616C4662A00CDA573 /* OpenAL.framework in Frameworks */,
				35DF6460138C427E00FF9459 /* OpenGLES.framework in Frameworks */,
				35DF645E138C427700FF9459 /* QuartzCore.framework in Frameworks */,
				35DF6441138C40D500FF9459 /* UIKit.framework in Frameworks */,
				35DF6443138C40D500FF9459 /* Foundation.framework in Frameworks */,
				35DF6445138C40D500FF9459 /* CoreGraphics.framework in Frameworks */,
			);
			runOnlyForDeploymentPostprocessing = 0;
		};
/* End PBXFrameworksBuildPhase section */

/* Begin PBXGroup section */
		35DF6431138C40D500FF9459 = {
			isa = PBXGroup;
			children = (
				57C77AE918E45333009820B6 /* c3dEngine */,
				57C77C0E18E45348009820B6 /* extension */,
				57C77AD918E4531E009820B6 /* code */,
				35DF643F138C40D500FF9459 /* Frameworks */,
				57C77C1E18E45362009820B6 /* resource */,
				57C77C3B18E4538F009820B6 /* box_resource */,
				57C77C3C18E4538F009820B6 /* c3dEngineResource */,
				57C77AC918E45302009820B6 /* c3d */,
				35DF643D138C40D500FF9459 /* Products */,
			);
			sourceTree = "<group>";
		};
		35DF643D138C40D500FF9459 /* Products */ = {
			isa = PBXGroup;
			children = (
				35DF643C138C40D500FF9459 /* super single cell.app */,
			);
			name = Products;
			sourceTree = "<group>";
		};
		35DF643F138C40D500FF9459 /* Frameworks */ = {
			isa = PBXGroup;
			children = (
				181FD39718C2147A00F2C204 /* AVFoundation.framework */,
				181FD39518C2147100F2C204 /* CoreAudio.framework */,
				1870661716C466F100CDA573 /* AudioToolbox.framework */,
				1870661516C4662A00CDA573 /* OpenAL.framework */,
				35DF645F138C427E00FF9459 /* OpenGLES.framework */,
				35DF645D138C427700FF9459 /* QuartzCore.framework */,
				35DF6440138C40D500FF9459 /* UIKit.framework */,
				35DF6442138C40D500FF9459 /* Foundation.framework */,
				35DF6444138C40D500FF9459 /* CoreGraphics.framework */,
			);
			name = Frameworks;
			sourceTree = "<group>";
		};
		57C77AC918E45302009820B6 /* c3d */ = {
			isa = PBXGroup;
			children = (
				57C77ACA18E45302009820B6 /* c3d-Info.plist */,
				57C77ACB18E45302009820B6 /* c3d-Prefix.pch */,
				57C77ACC18E45302009820B6 /* InfoPlist.strings */,
				57C77ACE18E45302009820B6 /* MainWindow.xib */,
				57C77AD018E45302009820B6 /* iPad */,
				57C77AD318E45302009820B6 /* main.m */,
			);
			path = c3d;
			sourceTree = "<group>";
		};
		57C77AD018E45302009820B6 /* iPad */ = {
			isa = PBXGroup;
			children = (
				57C77AD118E45302009820B6 /* MainWindow-iPad.xib */,
			);
			path = iPad;
			sourceTree = "<group>";
		};
		57C77AD918E4531E009820B6 /* code */ = {
			isa = PBXGroup;
			children = (
				57C77ADA18E4531E009820B6 /* box.cpp */,
				57C77ADB18E4531E009820B6 /* box.h */,
				57C77ADC18E4531E009820B6 /* globalVars.cpp */,
				57C77ADD18E4531E009820B6 /* globalVars.h */,
				57C77ADE18E4531E009820B6 /* initGame.cpp */,
				57C77ADF18E4531E009820B6 /* initGame.h */,
				57C77AE018E4531E009820B6 /* passUnifoCallBack.cpp */,
				57C77AE118E4531E009820B6 /* passUnifoCallBack.h */,
				57C77AE218E4531E009820B6 /* programSetUp.cpp */,
				57C77AE318E4531E009820B6 /* programSetUp.h */,
			);
			name = code;
			path = ../code;
			sourceTree = "<group>";
		};
		57C77AE918E45333009820B6 /* c3dEngine */ = {
			isa = PBXGroup;
			children = (
				576C78B018E55CE400AF83A2 /* c3d.h */,
				57C77AEA18E45333009820B6 /* common */,
				57C77AF118E45333009820B6 /* core */,
				57C77B5018E45333009820B6 /* platform */,
			);
			name = c3dEngine;
			path = ../../../c3dEngine;
			sourceTree = "<group>";
		};
		57C77AEA18E45333009820B6 /* common */ = {
			isa = PBXGroup;
			children = (
				57C77AEB18E45333009820B6 /* c3dAL.h */,
				57C77AEC18E45333009820B6 /* c3dCommonFunc.cpp */,
				57C77AED18E45333009820B6 /* c3dCommonFunc.h */,
				57C77AEE18E45333009820B6 /* c3dGL.h */,
				57C77AEF18E45333009820B6 /* c3dPathFunc.cpp */,
				57C77AF018E45333009820B6 /* c3dPathFunc.h */,
			);
			path = common;
			sourceTree = "<group>";
		};
		57C77AF118E45333009820B6 /* core */ = {
			isa = PBXGroup;
			children = (
				57C77AF218E45333009820B6 /* c3dActor.cpp */,
				57C77AF318E45333009820B6 /* c3dActor.h */,
				57C77AF618E45333009820B6 /* c3dALBuffer.cpp */,
				57C77AF718E45333009820B6 /* c3dALBuffer.h */,
				57C77AF818E45333009820B6 /* c3dALdebug.cpp */,
				57C77AF918E45333009820B6 /* c3dALdebug.h */,
				57C77AFA18E45333009820B6 /* c3dALSource.cpp */,
				57C77AFB18E45333009820B6 /* c3dALSource.h */,
				57C77AFC18E45333009820B6 /* c3dAppState.cpp */,
				57C77AFD18E45333009820B6 /* c3dAppState.h */,
				57C77AFE18E45333009820B6 /* c3dAssert.cpp */,
				57C77AFF18E45333009820B6 /* c3dAssert.h */,
				57C77B0018E45333009820B6 /* c3dAudioCache.cpp */,
				57C77B0118E45333009820B6 /* c3dAudioCache.h */,
				57C77B0218E45333009820B6 /* c3dAutoreleasePool.cpp */,
				57C77B0318E45333009820B6 /* c3dAutoreleasePool.h */,
				57C77B0418E45333009820B6 /* c3dCamera.cpp */,
				57C77B0518E45333009820B6 /* c3dCamera.h */,
				57C77B0618E45333009820B6 /* c3dDefine.cpp */,
				57C77B0718E45333009820B6 /* c3dDefine.h */,
				57C77B0818E45333009820B6 /* c3dDeviceAndOSInfo.cpp */,
				57C77B0918E45333009820B6 /* c3dDeviceAndOSInfo.h */,
				57C77B0A18E45333009820B6 /* c3dDocuments.cpp */,
				57C77B0B18E45333009820B6 /* c3dDocuments.h */,
				57C77B0C18E45333009820B6 /* c3dFbo.cpp */,
				57C77B0D18E45333009820B6 /* c3dFbo.h */,
				57C77B0E18E45333009820B6 /* c3dFileUtils.cpp */,
				57C77B0F18E45333009820B6 /* c3dFileUtils.h */,
				57C77B1018E45333009820B6 /* c3dGeoMath.cpp */,
				57C77B1118E45333009820B6 /* c3dGeoMath.h */,
				57C77B1218E45333009820B6 /* c3dGestureAnalyzer.cpp */,
				57C77B1318E45333009820B6 /* c3dGestureAnalyzer.h */,
				57C77B1418E45333009820B6 /* c3dGLdebug.cpp */,
				57C77B1518E45333009820B6 /* c3dGLdebug.h */,
				57C77B1618E45333009820B6 /* c3dGLMath.cpp */,
				57C77B1718E45333009820B6 /* c3dGLMath.h */,
				57C77B1818E45333009820B6 /* c3dIDtriangle.cpp */,
				57C77B1918E45333009820B6 /* c3dIDtriangle.h */,
				57C77B1A18E45333009820B6 /* c3dIndexVBO.cpp */,
				57C77B1B18E45333009820B6 /* c3dIndexVBO.h */,
				57C77B1C18E45333009820B6 /* c3dLight.cpp */,
				57C77B1D18E45333009820B6 /* c3dLight.h */,
				57C77B1E18E45333009820B6 /* c3dLog.cpp */,
				57C77B1F18E45333009820B6 /* c3dLog.h */,
				57C77B2018E45333009820B6 /* c3dMaterial.cpp */,
				57C77B2118E45333009820B6 /* c3dMaterial.h */,
				57C77B2218E45333009820B6 /* c3dMath.cpp */,
				57C77B2318E45333009820B6 /* c3dMath.h */,
				57C77B2418E45333009820B6 /* c3dMatrix.cpp */,
				57C77B2518E45333009820B6 /* c3dMatrix.h */,
				57C77B2618E45333009820B6 /* c3dMesh.cpp */,
				57C77B2718E45333009820B6 /* c3dMesh.h */,
				57C77B2818E45333009820B6 /* c3dMeshData.cpp */,
				57C77B2918E45333009820B6 /* c3dMeshData.h */,
				57C77B2A18E45333009820B6 /* c3dModel.cpp */,
				57C77B2B18E45333009820B6 /* c3dModel.h */,
				57C77B2C18E45333009820B6 /* c3dModelMatStack.cpp */,
				57C77B2D18E45333009820B6 /* c3dModelMatStack.h */,
				57C77B2E18E45333009820B6 /* c3dNode.cpp */,
				57C77B2F18E45333009820B6 /* c3dNode.h */,
				57C77B3018E45333009820B6 /* c3dObject.cpp */,
				57C77B3118E45333009820B6 /* c3dObject.h */,
				57C77B3218E45333009820B6 /* c3dPlane.cpp */,
				57C77B3318E45333009820B6 /* c3dPlane.h */,
				57C77B3418E45333009820B6 /* c3dProgram.cpp */,
				57C77B3518E45333009820B6 /* c3dProgram.h */,
				57C77B3618E45333009820B6 /* c3dProgramCache.cpp */,
				57C77B3718E45333009820B6 /* c3dProgramCache.h */,
				57C77B3818E45333009820B6 /* c3dRange.cpp */,
				57C77B3918E45333009820B6 /* c3dRange.h */,
				57C77B3A18E45333009820B6 /* c3dRect.cpp */,
				57C77B3B18E45333009820B6 /* c3dRect.h */,
				57C77B3C18E45333009820B6 /* c3dSceneManger.cpp */,
				57C77B3D18E45333009820B6 /* c3dSceneManger.h */,
				57C77B3E18E45333009820B6 /* c3dSpan.cpp */,
				57C77B3F18E45333009820B6 /* c3dSpan.h */,
				57C77B4018E45333009820B6 /* c3dSubMesh.cpp */,
				57C77B4118E45333009820B6 /* c3dSubMesh.h */,
				57C77B4218E45333009820B6 /* c3dTexture.cpp */,
				57C77B4318E45333009820B6 /* c3dTexture.h */,
				57C77B4418E45333009820B6 /* c3dTextureCache.cpp */,
				57C77B4518E45333009820B6 /* c3dTextureCache.h */,
				57C77B4618E45333009820B6 /* c3dTimeCounter.cpp */,
				57C77B4718E45333009820B6 /* c3dTimeCounter.h */,
				57C77B4818E45333009820B6 /* c3dTouchSequence.cpp */,
				57C77B4918E45333009820B6 /* c3dTouchSequence.h */,
				57C77B4A18E45333009820B6 /* c3dTransform.cpp */,
				57C77B4B18E45333009820B6 /* c3dTransform.h */,
				57C77B4C18E45333009820B6 /* c3dVector.cpp */,
				57C77B4D18E45333009820B6 /* c3dVector.h */,
				57C77B4E18E45333009820B6 /* c3dVertex.cpp */,
				57C77B4F18E45333009820B6 /* c3dVertex.h */,
			);
			path = core;
			sourceTree = "<group>";
		};
		57C77B5018E45333009820B6 /* platform */ = {
			isa = PBXGroup;
			children = (
				57C77B5118E45333009820B6 /* iOS */,
			);
			path = platform;
			sourceTree = "<group>";
		};
		57C77B5118E45333009820B6 /* iOS */ = {
			isa = PBXGroup;
			children = (
				57C77B5218E45333009820B6 /* appFrame */,
				57C77B5918E45333009820B6 /* c3dALPlatformDepend.h */,
				57C77B5A18E45333009820B6 /* c3dALPlatformDepend.mm */,
				57C77B5B18E45333009820B6 /* c3dDeviceAndOSInfoPlatformDepend.h */,
				57C77B5C18E45333009820B6 /* c3dDeviceAndOSInfoPlatformDepend.mm */,
				57C77B5D18E45333009820B6 /* c3dDocumentsPlatformDepend.h */,
				57C77B5E18E45333009820B6 /* c3dDocumentsPlatformDepend.mm */,
				57C77B5F18E45333009820B6 /* c3dPathPlatformDepend.h */,
				57C77B6018E45333009820B6 /* c3dPathPlatformDepend.mm */,
				57C77B6118E45333009820B6 /* c3dProgramPlatformDepend.h */,
				57C77B6218E45333009820B6 /* c3dProgramPlatformDepend.mm */,
				57C77B6318E45333009820B6 /* c3dTexturePlatformDepend.h */,
				57C77B6418E45333009820B6 /* c3dTexturePlatformDepend.mm */,
				57C77B6518E45333009820B6 /* openALSupport */,
			);
			path = iOS;
			sourceTree = "<group>";
		};
		57C77B5218E45333009820B6 /* appFrame */ = {
			isa = PBXGroup;
			children = (
				57C77B5318E45333009820B6 /* c3dAppDelegate.h */,
				57C77B5418E45333009820B6 /* c3dAppDelegate.mm */,
				57C77B5518E45333009820B6 /* c3dView.h */,
				57C77B5618E45333009820B6 /* c3dView.mm */,
				57C77B5718E45333009820B6 /* c3dViewController.h */,
				57C77B5818E45333009820B6 /* c3dViewController.mm */,
			);
			path = appFrame;
			sourceTree = "<group>";
		};
		57C77B6518E45333009820B6 /* openALSupport */ = {
			isa = PBXGroup;
			children = (
				57C77B6618E45333009820B6 /* MyOpenALSupport.c */,
				57C77B6718E45333009820B6 /* MyOpenALSupport.h */,
				57C77B6818E45333009820B6 /* openALSupport_readme.h */,
			);
			path = openALSupport;
			sourceTree = "<group>";
		};
		57C77C0E18E45348009820B6 /* extension */ = {
			isa = PBXGroup;
			children = (
				57C77C0F18E45348009820B6 /* geometry */,
				57C77C1218E45348009820B6 /* octree */,
				57C77C1718E45348009820B6 /* terrain */,
			);
			name = extension;
			path = ../../../extension;
			sourceTree = "<group>";
		};
		57C77C0F18E45348009820B6 /* geometry */ = {
			isa = PBXGroup;
			children = (
				57C77C1018E45348009820B6 /* geoMath.cpp */,
				57C77C1118E45348009820B6 /* geoMath.h */,
			);
			path = geometry;
			sourceTree = "<group>";
		};
		57C77C1218E45348009820B6 /* octree */ = {
			isa = PBXGroup;
			children = (
				57C77C1318E45348009820B6 /* octree.cpp */,
				57C77C1418E45348009820B6 /* octree.h */,
				57C77C1518E45348009820B6 /* triangleWithNorm.cpp */,
				57C77C1618E45348009820B6 /* triangleWithNorm.h */,
			);
			path = octree;
			sourceTree = "<group>";
		};
		57C77C1718E45348009820B6 /* terrain */ = {
			isa = PBXGroup;
			children = (
				57C77C1818E45348009820B6 /* terrain.cpp */,
				57C77C1918E45348009820B6 /* terrain.h */,
			);
			path = terrain;
			sourceTree = "<group>";
		};
		57C77C1E18E45362009820B6 /* resource */ = {
			isa = PBXGroup;
			children = (
				57C77C2B18E45362009820B6 /* defaultImage */,
			);
			name = resource;
			path = ../../../resource;
			sourceTree = "<group>";
		};
		57C77C2B18E45362009820B6 /* defaultImage */ = {
			isa = PBXGroup;
			children = (
				57C77C2C18E45362009820B6 /* Default-568h@2x.png */,
				57C77C2D18E45362009820B6 /* Default.png */,
				57C77C2E18E45362009820B6 /* Default@2x.png */,
			);
			path = defaultImage;
			sourceTree = "<group>";
		};
/* End PBXGroup section */

/* Begin PBXNativeTarget section */
		35DF643B138C40D500FF9459 /* c3d */ = {
			isa = PBXNativeTarget;
			buildConfigurationList = 35DF6457138C40D500FF9459 /* Build configuration list for PBXNativeTarget "c3d" */;
			buildPhases = (
				35DF6438138C40D500FF9459 /* Sources */,
				35DF6439138C40D500FF9459 /* Frameworks */,
				35DF643A138C40D500FF9459 /* Resources */,
			);
			buildRules = (
			);
			dependencies = (
			);
			name = c3d;
			productName = c3d;
			productReference = 35DF643C138C40D500FF9459 /* super single cell.app */;
			productType = "com.apple.product-type.application";
		};
/* End PBXNativeTarget section */

/* Begin PBXProject section */
		35DF6433138C40D500FF9459 /* Project object */ = {
			isa = PBXProject;
			attributes = {
				LastUpgradeCheck = 0500;
			};
			buildConfigurationList = 35DF6436138C40D500FF9459 /* Build configuration list for PBXProject "c3d" */;
			compatibilityVersion = "Xcode 3.2";
			developmentRegion = English;
			hasScannedForEncodings = 0;
			knownRegions = (
				en,
			);
			mainGroup = 35DF6431138C40D500FF9459;
			productRefGroup = 35DF643D138C40D500FF9459 /* Products */;
			projectDirPath = "";
			projectRoot = "";
			targets = (
				35DF643B138C40D500FF9459 /* c3d */,
			);
		};
/* End PBXProject section */

/* Begin PBXResourcesBuildPhase section */
		35DF643A138C40D500FF9459 /* Resources */ = {
			isa = PBXResourcesBuildPhase;
			buildActionMask = 2147483647;
			files = (
				57C77AD718E45302009820B6 /* MainWindow-iPad.xib in Resources */,
				57C77AD518E45302009820B6 /* InfoPlist.strings in Resources */,
				57C77C3E18E4538F009820B6 /* c3dEngineResource in Resources */,
				57C77C3918E45362009820B6 /* Default@2x.png in Resources */,
				57C77C3818E45362009820B6 /* Default.png in Resources */,
				57C77C3D18E4538F009820B6 /* box_resource in Resources */,
				57C77AD618E45302009820B6 /* MainWindow.xib in Resources */,
				57C77AD418E45302009820B6 /* c3d-Info.plist in Resources */,
				57C77C3718E45362009820B6 /* Default-568h@2x.png in Resources */,
			);
			runOnlyForDeploymentPostprocessing = 0;
		};
/* End PBXResourcesBuildPhase section */

/* Begin PBXSourcesBuildPhase section */
		35DF6438138C40D500FF9459 /* Sources */ = {
			isa = PBXSourcesBuildPhase;
			buildActionMask = 2147483647;
			files = (
				57C77BD818E45334009820B6 /* c3dSubMesh.cpp in Sources */,
				57C77BC318E45334009820B6 /* c3dGLMath.cpp in Sources */,
				57C77BCC18E45334009820B6 /* c3dMeshData.cpp in Sources */,
				57C77AE418E4531E009820B6 /* box.cpp in Sources */,
				57C77BB418E45334009820B6 /* c3dALdebug.cpp in Sources */,
				57C77BBF18E45334009820B6 /* c3dFileUtils.cpp in Sources */,
				57C77BE918E45334009820B6 /* MyOpenALSupport.c in Sources */,
				57C77BB818E45334009820B6 /* c3dAudioCache.cpp in Sources */,
				57C77C1D18E45348009820B6 /* terrain.cpp in Sources */,
				57C77AE618E4531E009820B6 /* initGame.cpp in Sources */,
				57C77BBD18E45334009820B6 /* c3dDocuments.cpp in Sources */,
				57C77AE818E4531E009820B6 /* programSetUp.cpp in Sources */,
				57C77BD118E45334009820B6 /* c3dPlane.cpp in Sources */,
				57C77BE418E45334009820B6 /* c3dDeviceAndOSInfoPlatformDepend.mm in Sources */,
				57C77BE218E45334009820B6 /* c3dViewController.mm in Sources */,
				57C77BDC18E45334009820B6 /* c3dTouchSequence.cpp in Sources */,
				57C77BE618E45334009820B6 /* c3dPathPlatformDepend.mm in Sources */,
				57C77BB018E45334009820B6 /* c3dPathFunc.cpp in Sources */,
				57C77BD918E45334009820B6 /* c3dTexture.cpp in Sources */,
				57C77BC818E45334009820B6 /* c3dMaterial.cpp in Sources */,
				57C77AD818E45302009820B6 /* main.m in Sources */,
				57C77BCE18E45334009820B6 /* c3dModelMatStack.cpp in Sources */,
				57C77BB518E45334009820B6 /* c3dALSource.cpp in Sources */,
				57C77BDB18E45334009820B6 /* c3dTimeCounter.cpp in Sources */,
				57C77BD618E45334009820B6 /* c3dSceneManger.cpp in Sources */,
				57C77BAF18E45334009820B6 /* c3dCommonFunc.cpp in Sources */,
				57C77BB718E45334009820B6 /* c3dAssert.cpp in Sources */,
				57C77BC618E45334009820B6 /* c3dLight.cpp in Sources */,
				57C77BE518E45334009820B6 /* c3dDocumentsPlatformDepend.mm in Sources */,
				57C77BBB18E45334009820B6 /* c3dDefine.cpp in Sources */,
				57C77AE518E4531E009820B6 /* globalVars.cpp in Sources */,
				57C77BCF18E45334009820B6 /* c3dNode.cpp in Sources */,
				57C77BCB18E45334009820B6 /* c3dMesh.cpp in Sources */,
				57C77BE318E45334009820B6 /* c3dALPlatformDepend.mm in Sources */,
				57C77BC118E45334009820B6 /* c3dGestureAnalyzer.cpp in Sources */,
				57C77BE718E45334009820B6 /* c3dProgramPlatformDepend.mm in Sources */,
				57C77C1C18E45348009820B6 /* triangleWithNorm.cpp in Sources */,
				57C77BBA18E45334009820B6 /* c3dCamera.cpp in Sources */,
				57C77BE818E45334009820B6 /* c3dTexturePlatformDepend.mm in Sources */,
				57C77BD718E45334009820B6 /* c3dSpan.cpp in Sources */,
				57C77BBE18E45334009820B6 /* c3dFbo.cpp in Sources */,
				57C77AE718E4531E009820B6 /* passUnifoCallBack.cpp in Sources */,
				57C77BCA18E45334009820B6 /* c3dMatrix.cpp in Sources */,
				57C77BBC18E45334009820B6 /* c3dDeviceAndOSInfo.cpp in Sources */,
				57C77BC218E45334009820B6 /* c3dGLdebug.cpp in Sources */,
				57C77BB618E45334009820B6 /* c3dAppState.cpp in Sources */,
				57C77BD318E45334009820B6 /* c3dProgramCache.cpp in Sources */,
				57C77BDA18E45334009820B6 /* c3dTextureCache.cpp in Sources */,
				57C77BB118E45334009820B6 /* c3dActor.cpp in Sources */,
				57C77BDF18E45334009820B6 /* c3dVertex.cpp in Sources */,
				57C77BD218E45334009820B6 /* c3dProgram.cpp in Sources */,
				57C77BC918E45334009820B6 /* c3dMath.cpp in Sources */,
				57C77BE118E45334009820B6 /* c3dView.mm in Sources */,
				57C77BC418E45334009820B6 /* c3dIDtriangle.cpp in Sources */,
				57C77C1B18E45348009820B6 /* octree.cpp in Sources */,
				57C77BD518E45334009820B6 /* c3dRect.cpp in Sources */,
				57C77BD418E45334009820B6 /* c3dRange.cpp in Sources */,
				57C77BCD18E45334009820B6 /* c3dModel.cpp in Sources */,
				57C77BC718E45334009820B6 /* c3dLog.cpp in Sources */,
				57C77C1A18E45348009820B6 /* geoMath.cpp in Sources */,
				57C77BDE18E45334009820B6 /* c3dVector.cpp in Sources */,
				57C77BB318E45334009820B6 /* c3dALBuffer.cpp in Sources */,
				57C77BC518E45334009820B6 /* c3dIndexVBO.cpp in Sources */,
				57C77BC018E45334009820B6 /* c3dGeoMath.cpp in Sources */,
				57C77BB918E45334009820B6 /* c3dAutoreleasePool.cpp in Sources */,
				57C77BD018E45334009820B6 /* c3dObject.cpp in Sources */,
				57C77BDD18E45334009820B6 /* c3dTransform.cpp in Sources */,
				57C77BE018E45334009820B6 /* c3dAppDelegate.mm in Sources */,
			);
			runOnlyForDeploymentPostprocessing = 0;
		};
/* End PBXSourcesBuildPhase section */

/* Begin PBXVariantGroup section */
		57C77ACC18E45302009820B6 /* InfoPlist.strings */ = {
			isa = PBXVariantGroup;
			children = (
				57C77ACD18E45302009820B6 /* en */,
			);
			name = InfoPlist.strings;
			sourceTree = "<group>";
		};
		57C77ACE18E45302009820B6 /* MainWindow.xib */ = {
			isa = PBXVariantGroup;
			children = (
				57C77ACF18E45302009820B6 /* en */,
			);
			name = MainWindow.xib;
			sourceTree = "<group>";
		};
		57C77AD118E45302009820B6 /* MainWindow-iPad.xib */ = {
			isa = PBXVariantGroup;
			children = (
				57C77AD218E45302009820B6 /* en */,
			);
			name = "MainWindow-iPad.xib";
			sourceTree = "<group>";
		};
/* End PBXVariantGroup section */

/* Begin XCBuildConfiguration section */
		35DF6455138C40D500FF9459 /* Debug */ = {
			isa = XCBuildConfiguration;
			buildSettings = {
				CODE_SIGN_IDENTITY = "iPhone Developer";
				"CODE_SIGN_IDENTITY[sdk=iphoneos*]" = "iPhone Developer";
				GCC_C_LANGUAGE_STANDARD = gnu99;
				GCC_OPTIMIZATION_LEVEL = 3;
				GCC_PREPROCESSOR_DEFINITIONS = DEBUG;
				GCC_SYMBOLS_PRIVATE_EXTERN = YES;
				GCC_VERSION = com.apple.compilers.llvmgcc42;
				GCC_WARN_ABOUT_RETURN_TYPE = YES;
				GCC_WARN_UNUSED_VARIABLE = YES;
				IPHONEOS_DEPLOYMENT_TARGET = 4.3;
				ONLY_ACTIVE_ARCH = YES;
				PROVISIONING_PROFILE = "";
				"PROVISIONING_PROFILE[sdk=iphoneos*]" = "";
				SDKROOT = iphoneos;
				VALID_ARCHS = "armv7 armv7s";
			};
			name = Debug;
		};
		35DF6456138C40D500FF9459 /* Release */ = {
			isa = XCBuildConfiguration;
			buildSettings = {
				CODE_SIGN_IDENTITY = "iPhone Developer";
				"CODE_SIGN_IDENTITY[sdk=iphoneos*]" = "iPhone Developer";
				GCC_C_LANGUAGE_STANDARD = gnu99;
				GCC_OPTIMIZATION_LEVEL = 3;
				GCC_SYMBOLS_PRIVATE_EXTERN = YES;
				GCC_VERSION = com.apple.compilers.llvmgcc42;
				GCC_WARN_ABOUT_RETURN_TYPE = YES;
				GCC_WARN_UNUSED_VARIABLE = YES;
				IPHONEOS_DEPLOYMENT_TARGET = 4.3;
				OTHER_CFLAGS = "-DNS_BLOCK_ASSERTIONS=1";
				PROVISIONING_PROFILE = "";
				"PROVISIONING_PROFILE[sdk=iphoneos*]" = "";
				SDKROOT = iphoneos;
				VALID_ARCHS = "armv7 armv7s";
			};
			name = Release;
		};
		35DF6458138C40D500FF9459 /* Debug */ = {
			isa = XCBuildConfiguration;
			buildSettings = {
				ALWAYS_SEARCH_USER_PATHS = NO;
				COPY_PHASE_STRIP = NO;
				GCC_DYNAMIC_NO_PIC = NO;
				GCC_PRECOMPILE_PREFIX_HEADER = YES;
				GCC_PREFIX_HEADER = "c3d/c3d-Prefix.pch";
				GCC_PREPROCESSOR_DEFINITIONS = (
					"DEBUG=1",
					"C3D_TARGET_PLATFORM=0",
					"C3D_PLATFORM_IOS=0",
					"C3D_PLATFORM_WIN32=1",
				);
				GCC_VERSION = com.apple.compilers.llvm.clang.1_0;
				INFOPLIST_FILE = "c3d/c3d-Info.plist";
				IPHONEOS_DEPLOYMENT_TARGET = 4.3;
				LIBRARY_SEARCH_PATHS = (
					"$(inherited)",
					"/Users/ck02-084/Documents/superSingleCell-c3dEngine-win32/superSingleCell-c3dEngine/c3dEngine/platform/win32/libraries",
					"/Users/ck02-084/Documents/superSingleCell-c3dEngine-win32副本\\ 2/superSingleCell-c3dEngine/c3dEngine/platform/win32/libraries",
					"/Users/ck02-084/Documents/c3dEngine2/c3dEngine2/c3dEngine/platform/win32/libraries",
				);
				New_Setting = "";
				OTHER_CFLAGS = "";
				PRODUCT_NAME = "super single cell";
				TARGETED_DEVICE_FAMILY = 1;
				VALID_ARCHS = "armv7 armv7s";
				WRAPPER_EXTENSION = app;
			};
			name = Debug;
		};
		35DF6459138C40D500FF9459 /* Release */ = {
			isa = XCBuildConfiguration;
			buildSettings = {
				ALWAYS_SEARCH_USER_PATHS = NO;
				COPY_PHASE_STRIP = YES;
				GCC_PRECOMPILE_PREFIX_HEADER = YES;
				GCC_PREFIX_HEADER = "c3d/c3d-Prefix.pch";
				GCC_PREPROCESSOR_DEFINITIONS = (
					"DEBUG=0",
					"C3D_TARGET_PLATFORM=0",
					"C3D_PLATFORM_IOS=0",
					"C3D_PLATFORM_WIN32=1",
				);
				GCC_VERSION = com.apple.compilers.llvm.clang.1_0;
				INFOPLIST_FILE = "c3d/c3d-Info.plist";
				IPHONEOS_DEPLOYMENT_TARGET = 4.3;
				LIBRARY_SEARCH_PATHS = (
					"$(inherited)",
					"/Users/ck02-084/Documents/superSingleCell-c3dEngine-win32/superSingleCell-c3dEngine/c3dEngine/platform/win32/libraries",
					"/Users/ck02-084/Documents/superSingleCell-c3dEngine-win32副本\\ 2/superSingleCell-c3dEngine/c3dEngine/platform/win32/libraries",
					"/Users/ck02-084/Documents/c3dEngine2/c3dEngine2/c3dEngine/platform/win32/libraries",
				);
				New_Setting = "";
				OTHER_CFLAGS = "-DNS_BLOCK_ASSERTIONS=1";
				PRODUCT_NAME = "super single cell";
				TARGETED_DEVICE_FAMILY = 1;
				VALIDATE_PRODUCT = YES;
				VALID_ARCHS = "armv7 armv7s";
				WRAPPER_EXTENSION = app;
			};
			name = Release;
		};
/* End XCBuildConfiguration section */

/* Begin XCConfigurationList section */
		35DF6436138C40D500FF9459 /* Build configuration list for PBXProject "c3d" */ = {
			isa = XCConfigurationList;
			buildConfigurations = (
				35DF6455138C40D500FF9459 /* Debug */,
				35DF6456138C40D500FF9459 /* Release */,
			);
			defaultConfigurationIsVisible = 0;
			defaultConfigurationName = Release;
		};
		35DF6457138C40D500FF9459 /* Build configuration list for PBXNativeTarget "c3d" */ = {
			isa = XCConfigurationList;
			buildConfigurations = (
				35DF6458138C40D500FF9459 /* Debug */,
				35DF6459138C40D500FF9459 /* Release */,
			);
			defaultConfigurationIsVisible = 0;
			defaultConfigurationName = Release;
		};
/* End XCConfigurationList section */
	};
	rootObject = 35DF6433138C40D500FF9459 /* Project object */;
}
